{
  "version": 4,
  "terraform_version": "1.6.1",
  "serial": 90,
  "lineage": "54a4a3c6-ce01-5b77-04e3-fc11e8c8eef5",
  "outputs": {},
  "resources": [
    {
      "mode": "data",
      "type": "aws_ami",
      "name": "amazon_linux",
      "provider": "provider[\"registry.terraform.io/hashicorp/aws\"]",
      "instances": [
        {
          "schema_version": 0,
          "attributes": {
            "architecture": "x86_64",
            "arn": "arn:aws:ec2:us-east-1::image/ami-01190224a94984569",
            "block_device_mappings": [
              {
                "device_name": "/dev/xvda",
                "ebs": {
                  "delete_on_termination": "true",
                  "encrypted": "false",
                  "iops": "0",
                  "snapshot_id": "snap-0d040c7ce6a79ce88",
                  "throughput": "0",
                  "volume_size": "8",
                  "volume_type": "gp2"
                },
                "no_device": "",
                "virtual_name": ""
              },
              {
                "device_name": "/dev/xvdcz",
                "ebs": {
                  "delete_on_termination": "true",
                  "encrypted": "false",
                  "iops": "0",
                  "snapshot_id": "snap-082edf139a3eb93a5",
                  "throughput": "0",
                  "volume_size": "22",
                  "volume_type": "gp2"
                },
                "no_device": "",
                "virtual_name": ""
              }
            ],
            "boot_mode": "",
            "creation_date": "2023-12-19T22:29:38.000Z",
            "deprecation_time": "2025-12-19T22:29:38.000Z",
            "description": "Amazon Linux AMI amzn-ami-2018.03.20231219 x86_64 ECS HVM GP2",
            "ena_support": true,
            "executable_users": null,
            "filter": [
              {
                "name": "architecture",
                "values": [
                  "x86_64"
                ]
              },
              {
                "name": "name",
                "values": [
                  "amzn-ami*amazon-ecs-optimized"
                ]
              },
              {
                "name": "virtualization-type",
                "values": [
                  "hvm"
                ]
              }
            ],
            "hypervisor": "xen",
            "id": "ami-01190224a94984569",
            "image_id": "ami-01190224a94984569",
            "image_location": "amazon/amzn-ami-2018.03.20231219-amazon-ecs-optimized",
            "image_owner_alias": "amazon",
            "image_type": "machine",
            "imds_support": "",
            "include_deprecated": false,
            "kernel_id": "",
            "most_recent": true,
            "name": "amzn-ami-2018.03.20231219-amazon-ecs-optimized",
            "name_regex": null,
            "owner_id": "591542846629",
            "owners": [
              "amazon",
              "self"
            ],
            "platform": "",
            "platform_details": "Linux/UNIX",
            "product_codes": [],
            "public": true,
            "ramdisk_id": "",
            "root_device_name": "/dev/xvda",
            "root_device_type": "ebs",
            "root_snapshot_id": "snap-0d040c7ce6a79ce88",
            "sriov_net_support": "simple",
            "state": "available",
            "state_reason": {
              "code": "UNSET",
              "message": "UNSET"
            },
            "tags": {},
            "timeouts": null,
            "tpm_support": "",
            "usage_operation": "RunInstances",
            "virtualization_type": "hvm"
          },
          "sensitive_attributes": []
        }
      ]
    },
    {
      "mode": "data",
      "type": "aws_route53_zone",
      "name": "selected",
      "provider": "provider[\"registry.terraform.io/hashicorp/aws\"]",
      "instances": [
        {
          "index_key": 0,
          "schema_version": 0,
          "attributes": {
            "arn": "arn:aws:route53:::hostedzone/Z04548282OW75CMCSYAJ9",
            "caller_reference": "03bfb641-5b8b-4a58-b5bf-1174bf72a370",
            "comment": "",
            "id": "Z04548282OW75CMCSYAJ9",
            "linked_service_description": null,
            "linked_service_principal": null,
            "name": "thuhoai.top",
            "name_servers": [
              "ns-840.awsdns-41.net",
              "ns-1390.awsdns-45.org",
              "ns-221.awsdns-27.com",
              "ns-1898.awsdns-45.co.uk"
            ],
            "primary_name_server": "ns-840.awsdns-41.net",
            "private_zone": false,
            "resource_record_set_count": 25,
            "tags": {},
            "vpc_id": null,
            "zone_id": "Z04548282OW75CMCSYAJ9"
          },
          "sensitive_attributes": []
        }
      ]
    },
    {
      "mode": "data",
      "type": "aws_vpc",
      "name": "main",
      "provider": "provider[\"registry.terraform.io/hashicorp/aws\"]",
      "instances": [
        {
          "schema_version": 0,
          "attributes": {
            "arn": "arn:aws:ec2:us-east-1:043749410616:vpc/vpc-0a785a6b23587e256",
            "cidr_block": "172.31.0.0/16",
            "cidr_block_associations": [
              {
                "association_id": "vpc-cidr-assoc-04e9769c1c9c4fafc",
                "cidr_block": "172.31.0.0/16",
                "state": "associated"
              }
            ],
            "default": true,
            "dhcp_options_id": "dopt-02eab2639549034c0",
            "enable_dns_hostnames": true,
            "enable_dns_support": true,
            "enable_network_address_usage_metrics": false,
            "filter": null,
            "id": "vpc-0a785a6b23587e256",
            "instance_tenancy": "default",
            "ipv6_association_id": "",
            "ipv6_cidr_block": "",
            "main_route_table_id": "rtb-0c3ba81c37ac95ad5",
            "owner_id": "043749410616",
            "state": null,
            "tags": {},
            "timeouts": null
          },
          "sensitive_attributes": []
        }
      ]
    },
    {
      "mode": "data",
      "type": "template_file",
      "name": "accounting",
      "provider": "provider[\"registry.terraform.io/hashicorp/template\"]",
      "instances": [
        {
          "schema_version": 0,
          "attributes": {
            "filename": null,
            "id": "a3241c0e2e7f995a2314d5344f610fc8d71e1f31a807289c2d2cd86e7423a032",
            "rendered": "[\r\n    {\r\n      \"privileged\": true,\r\n      \"name\": \"app\",\r\n      \"image\": \"043749410616.dkr.ecr.us-east-1.amazonaws.com/app-mullion:latest\",\r\n      \"cpu\": 10,\r\n      \"memory\": 256,\r\n      \"essential\": true,\r\n      \"mountPoints\": [\r\n        {\r\n          \"readOnly\": false,\r\n          \"containerPath\": \"/var/www/html\",\r\n          \"sourceVolume\": \"webapp\"\r\n        }],\r\n      \"logConfiguration\": {\r\n        \"logDriver\": \"awslogs\",\r\n        \"options\": { \r\n          \"awslogs-group\" : \"/aws/ecs/prod-deviceme-container\",\r\n          \"awslogs-region\": \"us-east-1\",\r\n          \"awslogs-stream-prefix\": \"ecs\"\r\n        }\r\n      }\r\n    },\r\n    {\r\n      \"name\": \"nginx\",\r\n      \"image\":\"043749410616.dkr.ecr.us-east-1.amazonaws.com/web-mullion:latest\",\r\n      \"cpu\": 10,\r\n      \"memory\": 256,\r\n      \"mountPoints\": [\r\n          {\r\n            \"readOnly\": false,\r\n            \"containerPath\": \"/var/www/html\",\r\n            \"sourceVolume\": \"webapp\"\r\n          }\r\n        ],\r\n      \"links\": [\"app:app\"],\r\n      \"logConfiguration\": {\r\n          \"logDriver\": \"awslogs\",\r\n          \"options\": {\r\n            \"awslogs-group\": \"/aws/ecs/prod-deviceme-container\",\r\n            \"awslogs-region\": \"us-east-1\",\r\n            \"awslogs-stream-prefix\": \"ecs\"\r\n          }\r\n      },\r\n      \r\n      \"portMappings\": [\r\n        {\r\n          \"hostPort\": 80,\r\n          \"protocol\": \"tcp\",\r\n          \"containerPort\": 80\r\n        }\r\n      ],\r\n       \"dependsOn\": [\r\n        {\r\n            \"containerName\": \"app\",\r\n            \"condition\": \"START\"\r\n          }\r\n        ]\r\n    }\r\n]",
            "template": "[\r\n    {\r\n      \"privileged\": true,\r\n      \"name\": \"app\",\r\n      \"image\": \"${app_image}\",\r\n      \"cpu\": 10,\r\n      \"memory\": 256,\r\n      \"essential\": true,\r\n      \"mountPoints\": [\r\n        {\r\n          \"readOnly\": false,\r\n          \"containerPath\": \"/var/www/html\",\r\n          \"sourceVolume\": \"webapp\"\r\n        }],\r\n      \"logConfiguration\": {\r\n        \"logDriver\": \"awslogs\",\r\n        \"options\": { \r\n          \"awslogs-group\" : \"/aws/ecs/prod-deviceme-container\",\r\n          \"awslogs-region\": \"${region}\",\r\n          \"awslogs-stream-prefix\": \"ecs\"\r\n        }\r\n      }\r\n    },\r\n    {\r\n      \"name\": \"nginx\",\r\n      \"image\":\"${nginx_image}\",\r\n      \"cpu\": 10,\r\n      \"memory\": 256,\r\n      \"mountPoints\": [\r\n          {\r\n            \"readOnly\": false,\r\n            \"containerPath\": \"/var/www/html\",\r\n            \"sourceVolume\": \"webapp\"\r\n          }\r\n        ],\r\n      \"links\": [\"app:app\"],\r\n      \"logConfiguration\": {\r\n          \"logDriver\": \"awslogs\",\r\n          \"options\": {\r\n            \"awslogs-group\": \"/aws/ecs/prod-deviceme-container\",\r\n            \"awslogs-region\": \"${region}\",\r\n            \"awslogs-stream-prefix\": \"ecs\"\r\n          }\r\n      },\r\n      \r\n      \"portMappings\": [\r\n        {\r\n          \"hostPort\": 80,\r\n          \"protocol\": \"tcp\",\r\n          \"containerPort\": 80\r\n        }\r\n      ],\r\n       \"dependsOn\": [\r\n        {\r\n            \"containerName\": \"app\",\r\n            \"condition\": \"START\"\r\n          }\r\n        ]\r\n    }\r\n]",
            "vars": {
              "app_image": "043749410616.dkr.ecr.us-east-1.amazonaws.com/app-mullion:latest",
              "nginx_image": "043749410616.dkr.ecr.us-east-1.amazonaws.com/web-mullion:latest",
              "region": "us-east-1"
            }
          },
          "sensitive_attributes": []
        }
      ]
    },
    {
      "mode": "managed",
      "type": "aws_acm_certificate",
      "name": "frontend-certificate",
      "provider": "provider[\"registry.terraform.io/hashicorp/aws\"]",
      "instances": [
        {
          "index_key": 0,
          "schema_version": 0,
          "attributes": {
            "arn": "arn:aws:acm:us-east-1:043749410616:certificate/a0f5a0ec-e70c-44d5-baec-c774e98eece8",
            "certificate_authority_arn": "",
            "certificate_body": null,
            "certificate_chain": null,
            "domain_name": "ec.thuhoai.top",
            "domain_validation_options": [
              {
                "domain_name": "ec.thuhoai.top",
                "resource_record_name": "_e489d9ec6e7e7f3e753fb6a54012c2c1.ec.thuhoai.top.",
                "resource_record_type": "CNAME",
                "resource_record_value": "_e8a8af6a0061b7758dde37764665a62b.mhbtsbpdnt.acm-validations.aws."
              }
            ],
            "early_renewal_duration": "",
            "id": "arn:aws:acm:us-east-1:043749410616:certificate/a0f5a0ec-e70c-44d5-baec-c774e98eece8",
            "key_algorithm": "RSA_2048",
            "not_after": "2025-02-07T23:59:59Z",
            "not_before": "2024-01-09T00:00:00Z",
            "options": [
              {
                "certificate_transparency_logging_preference": "ENABLED"
              }
            ],
            "pending_renewal": false,
            "private_key": null,
            "renewal_eligibility": "ELIGIBLE",
            "renewal_summary": [],
            "status": "ISSUED",
            "subject_alternative_names": [
              "ec.thuhoai.top"
            ],
            "tags": {},
            "tags_all": {},
            "type": "AMAZON_ISSUED",
            "validation_emails": [],
            "validation_method": "DNS",
            "validation_option": []
          },
          "sensitive_attributes": [],
          "private": "bnVsbA==",
          "create_before_destroy": true
        }
      ]
    },
    {
      "mode": "managed",
      "type": "aws_acm_certificate_validation",
      "name": "frontend-cert-validate",
      "provider": "provider[\"registry.terraform.io/hashicorp/aws\"]",
      "instances": [
        {
          "index_key": 0,
          "schema_version": 0,
          "attributes": {
            "certificate_arn": "arn:aws:acm:us-east-1:043749410616:certificate/a0f5a0ec-e70c-44d5-baec-c774e98eece8",
            "id": "2024-01-09 06:17:52 +0000 UTC",
            "timeouts": null,
            "validation_record_fqdns": [
              "_e489d9ec6e7e7f3e753fb6a54012c2c1.ec.thuhoai.top"
            ]
          },
          "sensitive_attributes": [],
          "private": "eyJlMmJmYjczMC1lY2FhLTExZTYtOGY4OC0zNDM2M2JjN2M0YzAiOnsiY3JlYXRlIjoyNzAwMDAwMDAwMDAwfX0=",
          "dependencies": [
            "aws_acm_certificate.frontend-certificate",
            "aws_route53_record.frontend-cert-dns",
            "data.aws_route53_zone.selected"
          ]
        }
      ]
    },
    {
      "mode": "managed",
      "type": "aws_autoscaling_group",
      "name": "asg",
      "provider": "provider[\"registry.terraform.io/hashicorp/aws\"]",
      "instances": [
        {
          "schema_version": 1,
          "attributes": {
            "arn": "arn:aws:autoscaling:us-east-1:043749410616:autoScalingGroup:c580de8b-da86-4976-a22d-7974861c2326:autoScalingGroupName/prod-deviceme-asg",
            "availability_zones": [
              "us-east-1a",
              "us-east-1c"
            ],
            "capacity_rebalance": false,
            "context": "",
            "default_cooldown": 300,
            "default_instance_warmup": 0,
            "desired_capacity": 2,
            "desired_capacity_type": "",
            "enabled_metrics": [],
            "force_delete": false,
            "force_delete_warm_pool": false,
            "health_check_grace_period": 300,
            "health_check_type": "ELB",
            "id": "prod-deviceme-asg",
            "ignore_failed_scaling_activities": false,
            "initial_lifecycle_hook": [],
            "instance_maintenance_policy": [],
            "instance_refresh": [],
            "launch_configuration": "prod-deviceme-ecs20240109090139454200000001",
            "launch_template": [],
            "load_balancers": [],
            "max_instance_lifetime": 0,
            "max_size": 3,
            "metrics_granularity": "1Minute",
            "min_elb_capacity": null,
            "min_size": 1,
            "mixed_instances_policy": [],
            "name": "prod-deviceme-asg",
            "name_prefix": "",
            "placement_group": "",
            "predicted_capacity": 0,
            "protect_from_scale_in": true,
            "service_linked_role_arn": "arn:aws:iam::043749410616:role/aws-service-role/autoscaling.amazonaws.com/AWSServiceRoleForAutoScaling",
            "suspended_processes": [],
            "tag": [],
            "target_group_arns": [
              "arn:aws:elasticloadbalancing:us-east-1:043749410616:targetgroup/prod-deviceme-target-group/c79a8ada978b0770"
            ],
            "termination_policies": [],
            "timeouts": null,
            "traffic_source": [
              {
                "identifier": "arn:aws:elasticloadbalancing:us-east-1:043749410616:targetgroup/prod-deviceme-target-group/c79a8ada978b0770",
                "type": "elbv2"
              }
            ],
            "vpc_zone_identifier": [
              "subnet-0776f9772c3985c39",
              "subnet-0b9073b46975b82c7"
            ],
            "wait_for_capacity_timeout": "10m",
            "wait_for_elb_capacity": null,
            "warm_pool": [],
            "warm_pool_size": 0
          },
          "sensitive_attributes": [],
          "private": "eyJlMmJmYjczMC1lY2FhLTExZTYtOGY4OC0zNDM2M2JjN2M0YzAiOnsiZGVsZXRlIjo2MDAwMDAwMDAwMDAsInVwZGF0ZSI6NjAwMDAwMDAwMDAwfSwic2NoZW1hX3ZlcnNpb24iOiIxIn0=",
          "dependencies": [
            "aws_iam_instance_profile.ecs_service_role",
            "aws_iam_role.ecs-instance-role",
            "aws_launch_configuration.lc",
            "aws_lb_target_group.lb_target_group",
            "aws_security_group.ec2-sg",
            "data.aws_ami.amazon_linux",
            "data.aws_vpc.main"
          ],
          "create_before_destroy": true
        }
      ]
    },
    {
      "mode": "managed",
      "type": "aws_cloudwatch_log_group",
      "name": "log_group",
      "provider": "provider[\"registry.terraform.io/hashicorp/aws\"]",
      "instances": [
        {
          "schema_version": 0,
          "attributes": {
            "arn": "arn:aws:logs:us-east-1:043749410616:log-group:/aws/ecs/prod-deviceme-container",
            "id": "/aws/ecs/prod-deviceme-container",
            "kms_key_id": "",
            "log_group_class": "STANDARD",
            "name": "/aws/ecs/prod-deviceme-container",
            "name_prefix": "",
            "retention_in_days": 0,
            "skip_destroy": false,
            "tags": {
              "createdBy": "hoaittt",
              "env": "prod"
            },
            "tags_all": {
              "createdBy": "hoaittt",
              "env": "prod"
            }
          },
          "sensitive_attributes": [],
          "private": "bnVsbA=="
        }
      ]
    },
    {
      "mode": "managed",
      "type": "aws_ecs_capacity_provider",
      "name": "capacity_provider",
      "provider": "provider[\"registry.terraform.io/hashicorp/aws\"]",
      "instances": [
        {
          "schema_version": 0,
          "attributes": {
            "arn": "arn:aws:ecs:us-east-1:043749410616:capacity-provider/prod-deviceme-capacity-provider",
            "auto_scaling_group_provider": [
              {
                "auto_scaling_group_arn": "arn:aws:autoscaling:us-east-1:043749410616:autoScalingGroup:c580de8b-da86-4976-a22d-7974861c2326:autoScalingGroupName/prod-deviceme-asg",
                "managed_scaling": [
                  {
                    "instance_warmup_period": 300,
                    "maximum_scaling_step_size": 10000,
                    "minimum_scaling_step_size": 1,
                    "status": "ENABLED",
                    "target_capacity": 85
                  }
                ],
                "managed_termination_protection": "ENABLED"
              }
            ],
            "id": "arn:aws:ecs:us-east-1:043749410616:capacity-provider/prod-deviceme-capacity-provider",
            "name": "prod-deviceme-capacity-provider",
            "tags": {},
            "tags_all": {}
          },
          "sensitive_attributes": [],
          "private": "bnVsbA==",
          "dependencies": [
            "aws_autoscaling_group.asg",
            "aws_iam_instance_profile.ecs_service_role",
            "aws_iam_role.ecs-instance-role",
            "aws_launch_configuration.lc",
            "aws_lb_target_group.lb_target_group",
            "aws_security_group.ec2-sg",
            "data.aws_ami.amazon_linux",
            "data.aws_vpc.main"
          ]
        }
      ]
    },
    {
      "mode": "managed",
      "type": "aws_ecs_cluster",
      "name": "web-cluster",
      "provider": "provider[\"registry.terraform.io/hashicorp/aws\"]",
      "instances": [
        {
          "schema_version": 0,
          "attributes": {
            "arn": "arn:aws:ecs:us-east-1:043749410616:cluster/Prod-DeviceMe-Api",
            "configuration": [],
            "id": "arn:aws:ecs:us-east-1:043749410616:cluster/Prod-DeviceMe-Api",
            "name": "Prod-DeviceMe-Api",
            "service_connect_defaults": [],
            "setting": [
              {
                "name": "containerInsights",
                "value": "disabled"
              }
            ],
            "tags": {
              "createdBy": "hoaittt",
              "env": "prod"
            },
            "tags_all": {
              "createdBy": "hoaittt",
              "env": "prod"
            }
          },
          "sensitive_attributes": [],
          "private": "bnVsbA=="
        }
      ]
    },
    {
      "mode": "managed",
      "type": "aws_ecs_service",
      "name": "service",
      "provider": "provider[\"registry.terraform.io/hashicorp/aws\"]",
      "instances": [
        {
          "schema_version": 0,
          "attributes": {
            "alarms": [],
            "capacity_provider_strategy": [],
            "cluster": "arn:aws:ecs:us-east-1:043749410616:cluster/Prod-DeviceMe-Api",
            "deployment_circuit_breaker": [
              {
                "enable": false,
                "rollback": false
              }
            ],
            "deployment_controller": [
              {
                "type": "ECS"
              }
            ],
            "deployment_maximum_percent": 200,
            "deployment_minimum_healthy_percent": 100,
            "desired_count": 1,
            "enable_ecs_managed_tags": false,
            "enable_execute_command": false,
            "force_new_deployment": true,
            "health_check_grace_period_seconds": 0,
            "iam_role": "/aws-service-role/ecs.amazonaws.com/AWSServiceRoleForECS",
            "id": "arn:aws:ecs:us-east-1:043749410616:service/Prod-DeviceMe-Api/prod-deviceme-web-service",
            "launch_type": "EC2",
            "load_balancer": [
              {
                "container_name": "nginx",
                "container_port": 80,
                "elb_name": "",
                "target_group_arn": "arn:aws:elasticloadbalancing:us-east-1:043749410616:targetgroup/prod-deviceme-target-group/c79a8ada978b0770"
              }
            ],
            "name": "prod-deviceme-web-service",
            "network_configuration": [],
            "ordered_placement_strategy": [
              {
                "field": "cpu",
                "type": "binpack"
              }
            ],
            "placement_constraints": [],
            "platform_version": "",
            "propagate_tags": "NONE",
            "scheduling_strategy": "REPLICA",
            "service_connect_configuration": [],
            "service_registries": [],
            "tags": {},
            "tags_all": {},
            "task_definition": "arn:aws:ecs:us-east-1:043749410616:task-definition/prod-deviceme-web-family:16",
            "timeouts": null,
            "triggers": {},
            "wait_for_steady_state": false
          },
          "sensitive_attributes": [],
          "private": "eyJlMmJmYjczMC1lY2FhLTExZTYtOGY4OC0zNDM2M2JjN2M0YzAiOnsiY3JlYXRlIjoxMjAwMDAwMDAwMDAwLCJkZWxldGUiOjEyMDAwMDAwMDAwMDAsInVwZGF0ZSI6MTIwMDAwMDAwMDAwMH19",
          "dependencies": [
            "aws_acm_certificate.frontend-certificate",
            "aws_ecs_cluster.web-cluster",
            "aws_ecs_task_definition.task-definition",
            "aws_lb.lb",
            "aws_lb_listener.web-listener-https",
            "aws_lb_target_group.lb_target_group",
            "aws_security_group.lb",
            "data.aws_vpc.main",
            "data.template_file.accounting"
          ]
        }
      ]
    },
    {
      "mode": "managed",
      "type": "aws_ecs_task_definition",
      "name": "task-definition",
      "provider": "provider[\"registry.terraform.io/hashicorp/aws\"]",
      "instances": [
        {
          "schema_version": 1,
          "attributes": {
            "arn": "arn:aws:ecs:us-east-1:043749410616:task-definition/prod-deviceme-web-family:16",
            "arn_without_revision": "arn:aws:ecs:us-east-1:043749410616:task-definition/prod-deviceme-web-family",
            "container_definitions": "[{\"cpu\":10,\"environment\":[],\"essential\":true,\"image\":\"043749410616.dkr.ecr.us-east-1.amazonaws.com/app-mullion:latest\",\"logConfiguration\":{\"logDriver\":\"awslogs\",\"options\":{\"awslogs-group\":\"/aws/ecs/prod-deviceme-container\",\"awslogs-region\":\"us-east-1\",\"awslogs-stream-prefix\":\"ecs\"}},\"memory\":256,\"mountPoints\":[{\"containerPath\":\"/var/www/html\",\"readOnly\":false,\"sourceVolume\":\"webapp\"}],\"name\":\"app\",\"portMappings\":[],\"privileged\":true,\"volumesFrom\":[]},{\"cpu\":10,\"dependsOn\":[{\"condition\":\"START\",\"containerName\":\"app\"}],\"environment\":[],\"essential\":true,\"image\":\"043749410616.dkr.ecr.us-east-1.amazonaws.com/web-mullion:latest\",\"links\":[\"app:app\"],\"logConfiguration\":{\"logDriver\":\"awslogs\",\"options\":{\"awslogs-group\":\"/aws/ecs/prod-deviceme-container\",\"awslogs-region\":\"us-east-1\",\"awslogs-stream-prefix\":\"ecs\"}},\"memory\":256,\"mountPoints\":[{\"containerPath\":\"/var/www/html\",\"readOnly\":false,\"sourceVolume\":\"webapp\"}],\"name\":\"nginx\",\"portMappings\":[{\"containerPort\":80,\"hostPort\":80,\"protocol\":\"tcp\"}],\"volumesFrom\":[]}]",
            "cpu": "",
            "ephemeral_storage": [],
            "execution_role_arn": "",
            "family": "prod-deviceme-web-family",
            "id": "prod-deviceme-web-family",
            "inference_accelerator": [],
            "ipc_mode": "",
            "memory": "",
            "network_mode": "bridge",
            "pid_mode": "",
            "placement_constraints": [],
            "proxy_configuration": [],
            "requires_compatibilities": null,
            "revision": 16,
            "runtime_platform": [],
            "skip_destroy": false,
            "tags": {
              "createdBy": "hoaittt",
              "env": "prod"
            },
            "tags_all": {
              "createdBy": "hoaittt",
              "env": "prod"
            },
            "task_role_arn": "",
            "volume": [
              {
                "docker_volume_configuration": [],
                "efs_volume_configuration": [],
                "fsx_windows_file_server_volume_configuration": [],
                "host_path": "",
                "name": "webapp"
              }
            ]
          },
          "sensitive_attributes": [],
          "private": "eyJzY2hlbWFfdmVyc2lvbiI6IjEifQ==",
          "dependencies": [
            "data.template_file.accounting"
          ]
        }
      ]
    },
    {
      "mode": "managed",
      "type": "aws_iam_instance_profile",
      "name": "ecs_service_role",
      "provider": "provider[\"registry.terraform.io/hashicorp/aws\"]",
      "instances": [
        {
          "schema_version": 0,
          "attributes": {
            "arn": "arn:aws:iam::043749410616:instance-profile/terraform-20240109023540622600000001",
            "create_date": "2024-01-09T02:35:41Z",
            "id": "terraform-20240109023540622600000001",
            "name": "terraform-20240109023540622600000001",
            "name_prefix": "terraform-",
            "path": "/",
            "role": "prod-ecs-instance-role-deviceme-web",
            "tags": {},
            "tags_all": {},
            "unique_id": "AIPAQUL5LA44EFO642TUK"
          },
          "sensitive_attributes": [],
          "private": "bnVsbA==",
          "dependencies": [
            "aws_iam_role.ecs-instance-role"
          ],
          "create_before_destroy": true
        }
      ]
    },
    {
      "mode": "managed",
      "type": "aws_iam_role",
      "name": "ecs-instance-role",
      "provider": "provider[\"registry.terraform.io/hashicorp/aws\"]",
      "instances": [
        {
          "schema_version": 0,
          "attributes": {
            "arn": "arn:aws:iam::043749410616:role/prod-ecs-instance-role-deviceme-web",
            "assume_role_policy": "{\"Version\":\"2008-10-17\",\"Statement\":[{\"Effect\":\"Allow\",\"Principal\":{\"Service\":\"ec2.amazonaws.com\"},\"Action\":\"sts:AssumeRole\"}]}",
            "create_date": "2024-01-09T02:35:38Z",
            "description": "",
            "force_detach_policies": false,
            "id": "prod-ecs-instance-role-deviceme-web",
            "inline_policy": [],
            "managed_policy_arns": [
              "arn:aws:iam::aws:policy/service-role/AmazonEC2ContainerServiceforEC2Role"
            ],
            "max_session_duration": 3600,
            "name": "prod-ecs-instance-role-deviceme-web",
            "name_prefix": "",
            "path": "/",
            "permissions_boundary": "",
            "tags": {},
            "tags_all": {},
            "unique_id": "AROAQUL5LA44N6JM2WI37"
          },
          "sensitive_attributes": [],
          "private": "bnVsbA==",
          "create_before_destroy": true
        }
      ]
    },
    {
      "mode": "managed",
      "type": "aws_iam_role_policy_attachment",
      "name": "ecs-instance-role-attachment",
      "provider": "provider[\"registry.terraform.io/hashicorp/aws\"]",
      "instances": [
        {
          "schema_version": 0,
          "attributes": {
            "id": "prod-ecs-instance-role-deviceme-web-20240109023541857900000002",
            "policy_arn": "arn:aws:iam::aws:policy/service-role/AmazonEC2ContainerServiceforEC2Role",
            "role": "prod-ecs-instance-role-deviceme-web"
          },
          "sensitive_attributes": [],
          "private": "bnVsbA==",
          "dependencies": [
            "aws_iam_role.ecs-instance-role"
          ]
        }
      ]
    },
    {
      "mode": "managed",
      "type": "aws_launch_configuration",
      "name": "lc",
      "provider": "provider[\"registry.terraform.io/hashicorp/aws\"]",
      "instances": [
        {
          "schema_version": 0,
          "attributes": {
            "arn": "arn:aws:autoscaling:us-east-1:043749410616:launchConfiguration:6eaa6d27-ce72-4053-a5db-e911ac6da1fe:launchConfigurationName/prod-deviceme-ecs20240109090139454200000001",
            "associate_public_ip_address": true,
            "ebs_block_device": [],
            "ebs_optimized": false,
            "enable_monitoring": true,
            "ephemeral_block_device": [],
            "iam_instance_profile": "terraform-20240109023540622600000001",
            "id": "prod-deviceme-ecs20240109090139454200000001",
            "image_id": "ami-01190224a94984569",
            "instance_type": "t2.micro",
            "key_name": "test-ec2-key",
            "metadata_options": [],
            "name": "prod-deviceme-ecs20240109090139454200000001",
            "name_prefix": "prod-deviceme-ecs",
            "placement_tenancy": "",
            "root_block_device": [],
            "security_groups": [
              "sg-03dd2dfcbe529cea8"
            ],
            "spot_price": "",
            "user_data": "1227f98dabc398f8e76196d175e055463fa75b3f",
            "user_data_base64": null
          },
          "sensitive_attributes": [],
          "private": "bnVsbA==",
          "dependencies": [
            "aws_iam_instance_profile.ecs_service_role",
            "aws_iam_role.ecs-instance-role",
            "aws_security_group.ec2-sg",
            "data.aws_ami.amazon_linux",
            "data.aws_vpc.main"
          ],
          "create_before_destroy": true
        }
      ]
    },
    {
      "mode": "managed",
      "type": "aws_lb",
      "name": "lb",
      "provider": "provider[\"registry.terraform.io/hashicorp/aws\"]",
      "instances": [
        {
          "schema_version": 0,
          "attributes": {
            "access_logs": [
              {
                "bucket": "",
                "enabled": false,
                "prefix": ""
              }
            ],
            "arn": "arn:aws:elasticloadbalancing:us-east-1:043749410616:loadbalancer/app/deviceme-api-pro/e842a83e5ff5a13b",
            "arn_suffix": "app/deviceme-api-pro/e842a83e5ff5a13b",
            "connection_logs": [
              {
                "bucket": "",
                "enabled": false,
                "prefix": ""
              }
            ],
            "customer_owned_ipv4_pool": "",
            "desync_mitigation_mode": "defensive",
            "dns_name": "deviceme-api-pro-246102219.us-east-1.elb.amazonaws.com",
            "dns_record_client_routing_policy": null,
            "drop_invalid_header_fields": false,
            "enable_cross_zone_load_balancing": true,
            "enable_deletion_protection": false,
            "enable_http2": true,
            "enable_tls_version_and_cipher_suite_headers": false,
            "enable_waf_fail_open": false,
            "enable_xff_client_port": false,
            "enforce_security_group_inbound_rules_on_private_link_traffic": "",
            "id": "arn:aws:elasticloadbalancing:us-east-1:043749410616:loadbalancer/app/deviceme-api-pro/e842a83e5ff5a13b",
            "idle_timeout": 60,
            "internal": false,
            "ip_address_type": "ipv4",
            "load_balancer_type": "application",
            "name": "deviceme-api-pro",
            "name_prefix": "",
            "preserve_host_header": false,
            "security_groups": [
              "sg-09ae656a95b6173b5"
            ],
            "subnet_mapping": [
              {
                "allocation_id": "",
                "ipv6_address": "",
                "outpost_id": "",
                "private_ipv4_address": "",
                "subnet_id": "subnet-0776f9772c3985c39"
              },
              {
                "allocation_id": "",
                "ipv6_address": "",
                "outpost_id": "",
                "private_ipv4_address": "",
                "subnet_id": "subnet-0b9073b46975b82c7"
              }
            ],
            "subnets": [
              "subnet-0776f9772c3985c39",
              "subnet-0b9073b46975b82c7"
            ],
            "tags": {
              "createdBy": "hoaittt",
              "env": "pro"
            },
            "tags_all": {
              "createdBy": "hoaittt",
              "env": "pro"
            },
            "timeouts": null,
            "vpc_id": "vpc-0a785a6b23587e256",
            "xff_header_processing_mode": "append",
            "zone_id": "Z35SXDOTRQ7X7K"
          },
          "sensitive_attributes": [],
          "private": "eyJlMmJmYjczMC1lY2FhLTExZTYtOGY4OC0zNDM2M2JjN2M0YzAiOnsiY3JlYXRlIjo2MDAwMDAwMDAwMDAsImRlbGV0ZSI6NjAwMDAwMDAwMDAwLCJ1cGRhdGUiOjYwMDAwMDAwMDAwMH19",
          "dependencies": [
            "aws_security_group.lb",
            "data.aws_vpc.main"
          ]
        }
      ]
    },
    {
      "mode": "managed",
      "type": "aws_lb_listener",
      "name": "web-listener",
      "provider": "provider[\"registry.terraform.io/hashicorp/aws\"]",
      "instances": [
        {
          "schema_version": 0,
          "attributes": {
            "alpn_policy": null,
            "arn": "arn:aws:elasticloadbalancing:us-east-1:043749410616:listener/app/deviceme-api-pro/e842a83e5ff5a13b/64ee42db0007bbc3",
            "certificate_arn": null,
            "default_action": [
              {
                "authenticate_cognito": [],
                "authenticate_oidc": [],
                "fixed_response": [],
                "forward": [],
                "order": 1,
                "redirect": [
                  {
                    "host": "#{host}",
                    "path": "/#{path}",
                    "port": "443",
                    "protocol": "HTTPS",
                    "query": "#{query}",
                    "status_code": "HTTP_301"
                  }
                ],
                "target_group_arn": "",
                "type": "redirect"
              }
            ],
            "id": "arn:aws:elasticloadbalancing:us-east-1:043749410616:listener/app/deviceme-api-pro/e842a83e5ff5a13b/64ee42db0007bbc3",
            "load_balancer_arn": "arn:aws:elasticloadbalancing:us-east-1:043749410616:loadbalancer/app/deviceme-api-pro/e842a83e5ff5a13b",
            "mutual_authentication": [],
            "port": 80,
            "protocol": "HTTP",
            "ssl_policy": "",
            "tags": {},
            "tags_all": {},
            "timeouts": null
          },
          "sensitive_attributes": [],
          "private": "eyJlMmJmYjczMC1lY2FhLTExZTYtOGY4OC0zNDM2M2JjN2M0YzAiOnsicmVhZCI6NjAwMDAwMDAwMDAwfX0=",
          "dependencies": [
            "aws_lb.lb",
            "aws_security_group.lb",
            "data.aws_vpc.main"
          ]
        }
      ]
    },
    {
      "mode": "managed",
      "type": "aws_lb_listener",
      "name": "web-listener-https",
      "provider": "provider[\"registry.terraform.io/hashicorp/aws\"]",
      "instances": [
        {
          "schema_version": 0,
          "attributes": {
            "alpn_policy": null,
            "arn": "arn:aws:elasticloadbalancing:us-east-1:043749410616:listener/app/deviceme-api-pro/e842a83e5ff5a13b/8b0ee82e086bdbba",
            "certificate_arn": "arn:aws:acm:us-east-1:043749410616:certificate/a0f5a0ec-e70c-44d5-baec-c774e98eece8",
            "default_action": [
              {
                "authenticate_cognito": [],
                "authenticate_oidc": [],
                "fixed_response": [],
                "forward": [],
                "order": 1,
                "redirect": [],
                "target_group_arn": "arn:aws:elasticloadbalancing:us-east-1:043749410616:targetgroup/prod-deviceme-target-group/c79a8ada978b0770",
                "type": "forward"
              }
            ],
            "id": "arn:aws:elasticloadbalancing:us-east-1:043749410616:listener/app/deviceme-api-pro/e842a83e5ff5a13b/8b0ee82e086bdbba",
            "load_balancer_arn": "arn:aws:elasticloadbalancing:us-east-1:043749410616:loadbalancer/app/deviceme-api-pro/e842a83e5ff5a13b",
            "mutual_authentication": [
              {
                "ignore_client_certificate_expiry": false,
                "mode": "off",
                "trust_store_arn": ""
              }
            ],
            "port": 443,
            "protocol": "HTTPS",
            "ssl_policy": "ELBSecurityPolicy-2016-08",
            "tags": {},
            "tags_all": {},
            "timeouts": null
          },
          "sensitive_attributes": [],
          "private": "eyJlMmJmYjczMC1lY2FhLTExZTYtOGY4OC0zNDM2M2JjN2M0YzAiOnsicmVhZCI6NjAwMDAwMDAwMDAwfX0=",
          "dependencies": [
            "aws_acm_certificate.frontend-certificate",
            "aws_lb.lb",
            "aws_lb_target_group.lb_target_group",
            "aws_security_group.lb",
            "data.aws_vpc.main"
          ]
        }
      ]
    },
    {
      "mode": "managed",
      "type": "aws_lb_target_group",
      "name": "lb_target_group",
      "provider": "provider[\"registry.terraform.io/hashicorp/aws\"]",
      "instances": [
        {
          "schema_version": 0,
          "attributes": {
            "arn": "arn:aws:elasticloadbalancing:us-east-1:043749410616:targetgroup/prod-deviceme-target-group/c79a8ada978b0770",
            "arn_suffix": "targetgroup/prod-deviceme-target-group/c79a8ada978b0770",
            "connection_termination": null,
            "deregistration_delay": "300",
            "health_check": [
              {
                "enabled": true,
                "healthy_threshold": 2,
                "interval": 300,
                "matcher": "200,301,302",
                "path": "/",
                "port": "traffic-port",
                "protocol": "HTTP",
                "timeout": 60,
                "unhealthy_threshold": 10
              }
            ],
            "id": "arn:aws:elasticloadbalancing:us-east-1:043749410616:targetgroup/prod-deviceme-target-group/c79a8ada978b0770",
            "ip_address_type": "ipv4",
            "lambda_multi_value_headers_enabled": false,
            "load_balancing_algorithm_type": "round_robin",
            "load_balancing_cross_zone_enabled": "use_load_balancer_configuration",
            "name": "prod-deviceme-target-group",
            "name_prefix": "",
            "port": 80,
            "preserve_client_ip": null,
            "protocol": "HTTP",
            "protocol_version": "HTTP1",
            "proxy_protocol_v2": false,
            "slow_start": 0,
            "stickiness": [
              {
                "cookie_duration": 86400,
                "cookie_name": "",
                "enabled": false,
                "type": "lb_cookie"
              }
            ],
            "tags": {},
            "tags_all": {},
            "target_failover": [
              {
                "on_deregistration": null,
                "on_unhealthy": null
              }
            ],
            "target_health_state": [
              {
                "enable_unhealthy_connection_termination": null
              }
            ],
            "target_type": "instance",
            "vpc_id": "vpc-0a785a6b23587e256"
          },
          "sensitive_attributes": [],
          "private": "bnVsbA==",
          "dependencies": [
            "data.aws_vpc.main"
          ],
          "create_before_destroy": true
        }
      ]
    },
    {
      "mode": "managed",
      "type": "aws_route53_record",
      "name": "frontend-cert-dns",
      "provider": "provider[\"registry.terraform.io/hashicorp/aws\"]",
      "instances": [
        {
          "index_key": 0,
          "schema_version": 2,
          "attributes": {
            "alias": [],
            "allow_overwrite": true,
            "cidr_routing_policy": [],
            "failover_routing_policy": [],
            "fqdn": "_e489d9ec6e7e7f3e753fb6a54012c2c1.ec.thuhoai.top",
            "geolocation_routing_policy": [],
            "health_check_id": "",
            "id": "Z04548282OW75CMCSYAJ9__e489d9ec6e7e7f3e753fb6a54012c2c1.ec.thuhoai.top._CNAME",
            "latency_routing_policy": [],
            "multivalue_answer_routing_policy": false,
            "name": "_e489d9ec6e7e7f3e753fb6a54012c2c1.ec.thuhoai.top",
            "records": [
              "_e8a8af6a0061b7758dde37764665a62b.mhbtsbpdnt.acm-validations.aws."
            ],
            "set_identifier": "",
            "ttl": 60,
            "type": "CNAME",
            "weighted_routing_policy": [],
            "zone_id": "Z04548282OW75CMCSYAJ9"
          },
          "sensitive_attributes": [],
          "private": "eyJzY2hlbWFfdmVyc2lvbiI6IjIifQ==",
          "dependencies": [
            "aws_acm_certificate.frontend-certificate",
            "data.aws_route53_zone.selected"
          ]
        }
      ]
    },
    {
      "mode": "managed",
      "type": "aws_route53_record",
      "name": "frontend-record",
      "provider": "provider[\"registry.terraform.io/hashicorp/aws\"]",
      "instances": [
        {
          "index_key": 0,
          "schema_version": 2,
          "attributes": {
            "alias": [
              {
                "evaluate_target_health": true,
                "name": "deviceme-api-pro-246102219.us-east-1.elb.amazonaws.com",
                "zone_id": "Z35SXDOTRQ7X7K"
              }
            ],
            "allow_overwrite": null,
            "cidr_routing_policy": [],
            "failover_routing_policy": [],
            "fqdn": "ec.thuhoai.top",
            "geolocation_routing_policy": [],
            "health_check_id": "",
            "id": "Z04548282OW75CMCSYAJ9_ec.thuhoai.top_A",
            "latency_routing_policy": [],
            "multivalue_answer_routing_policy": false,
            "name": "ec.thuhoai.top",
            "records": [],
            "set_identifier": "",
            "ttl": 0,
            "type": "A",
            "weighted_routing_policy": [],
            "zone_id": "Z04548282OW75CMCSYAJ9"
          },
          "sensitive_attributes": [],
          "private": "eyJzY2hlbWFfdmVyc2lvbiI6IjIifQ==",
          "dependencies": [
            "aws_lb.lb",
            "aws_security_group.lb",
            "data.aws_route53_zone.selected",
            "data.aws_vpc.main"
          ]
        }
      ]
    },
    {
      "mode": "managed",
      "type": "aws_security_group",
      "name": "ec2-sg",
      "provider": "provider[\"registry.terraform.io/hashicorp/aws\"]",
      "instances": [
        {
          "schema_version": 1,
          "attributes": {
            "arn": "arn:aws:ec2:us-east-1:043749410616:security-group/sg-03dd2dfcbe529cea8",
            "description": "Managed by Terraform",
            "egress": [
              {
                "cidr_blocks": [
                  "0.0.0.0/0"
                ],
                "description": "",
                "from_port": 0,
                "ipv6_cidr_blocks": [],
                "prefix_list_ids": [],
                "protocol": "-1",
                "security_groups": [],
                "self": false,
                "to_port": 0
              }
            ],
            "id": "sg-03dd2dfcbe529cea8",
            "ingress": [
              {
                "cidr_blocks": [
                  "0.0.0.0/0"
                ],
                "description": "HTTP",
                "from_port": 80,
                "ipv6_cidr_blocks": [
                  "::/0"
                ],
                "prefix_list_ids": [],
                "protocol": "tcp",
                "security_groups": [],
                "self": false,
                "to_port": 80
              },
              {
                "cidr_blocks": [
                  "0.0.0.0/0"
                ],
                "description": "HTTPS",
                "from_port": 443,
                "ipv6_cidr_blocks": [
                  "::/0"
                ],
                "prefix_list_ids": [],
                "protocol": "tcp",
                "security_groups": [],
                "self": false,
                "to_port": 443
              }
            ],
            "name": "prod-deviceme-ecs-sg",
            "name_prefix": "",
            "owner_id": "043749410616",
            "revoke_rules_on_delete": false,
            "tags": {
              "Name": "Product DeviceMe API"
            },
            "tags_all": {
              "Name": "Product DeviceMe API"
            },
            "timeouts": null,
            "vpc_id": "vpc-0a785a6b23587e256"
          },
          "sensitive_attributes": [],
          "private": "eyJlMmJmYjczMC1lY2FhLTExZTYtOGY4OC0zNDM2M2JjN2M0YzAiOnsiY3JlYXRlIjo2MDAwMDAwMDAwMDAsImRlbGV0ZSI6NjAwMDAwMDAwMDAwfSwic2NoZW1hX3ZlcnNpb24iOiIxIn0=",
          "dependencies": [
            "data.aws_vpc.main"
          ],
          "create_before_destroy": true
        }
      ]
    },
    {
      "mode": "managed",
      "type": "aws_security_group",
      "name": "lb",
      "provider": "provider[\"registry.terraform.io/hashicorp/aws\"]",
      "instances": [
        {
          "schema_version": 1,
          "attributes": {
            "arn": "arn:aws:ec2:us-east-1:043749410616:security-group/sg-09ae656a95b6173b5",
            "description": "Managed by Terraform",
            "egress": [
              {
                "cidr_blocks": [
                  "0.0.0.0/0"
                ],
                "description": "",
                "from_port": 0,
                "ipv6_cidr_blocks": [],
                "prefix_list_ids": [],
                "protocol": "-1",
                "security_groups": [],
                "self": false,
                "to_port": 0
              }
            ],
            "id": "sg-09ae656a95b6173b5",
            "ingress": [
              {
                "cidr_blocks": [
                  "0.0.0.0/0"
                ],
                "description": "HTTP",
                "from_port": 80,
                "ipv6_cidr_blocks": [
                  "::/0"
                ],
                "prefix_list_ids": [],
                "protocol": "tcp",
                "security_groups": [],
                "self": false,
                "to_port": 80
              },
              {
                "cidr_blocks": [
                  "0.0.0.0/0"
                ],
                "description": "HTTPS",
                "from_port": 443,
                "ipv6_cidr_blocks": [
                  "::/0"
                ],
                "prefix_list_ids": [],
                "protocol": "tcp",
                "security_groups": [],
                "self": false,
                "to_port": 443
              },
              {
                "cidr_blocks": [
                  "0.0.0.0/0"
                ],
                "description": "SSH",
                "from_port": 22,
                "ipv6_cidr_blocks": [
                  "::/0"
                ],
                "prefix_list_ids": [],
                "protocol": "tcp",
                "security_groups": [],
                "self": false,
                "to_port": 22
              }
            ],
            "name": "DeviceMe-ECS-Pro-LB",
            "name_prefix": "",
            "owner_id": "043749410616",
            "revoke_rules_on_delete": false,
            "tags": {
              "createdBy": "hoaittt",
              "env": "pro"
            },
            "tags_all": {
              "createdBy": "hoaittt",
              "env": "pro"
            },
            "timeouts": null,
            "vpc_id": "vpc-0a785a6b23587e256"
          },
          "sensitive_attributes": [],
          "private": "eyJlMmJmYjczMC1lY2FhLTExZTYtOGY4OC0zNDM2M2JjN2M0YzAiOnsiY3JlYXRlIjo2MDAwMDAwMDAwMDAsImRlbGV0ZSI6NjAwMDAwMDAwMDAwfSwic2NoZW1hX3ZlcnNpb24iOiIxIn0=",
          "dependencies": [
            "data.aws_vpc.main"
          ]
        }
      ]
    }
  ],
  "check_results": null
}
